{
  "name": "Portfolio",
  "lockfileVersion": 3,
  "requires": true,
  "packages": {
    "": {
      "dependencies": {
        "animejs": "^4.3.6",
        "reactjs": "^1.0.0"
      }
    },
    "node_modules/animejs": {
      "version": "4.3.6",
      "resolved": "https://registry.npmjs.org/animejs/-/animejs-4.3.6.tgz",
      "integrity": "sha512-rzZ4bDc8JAtyx6hYwxj7s5M/yWfnM5qqY4hZDnhy1cWFvMb6H5/necHS2sbCY3WQTDbRLuZL10dPXSxSCFOr/w==",
      "funding": {
        "type": "github",
        "url": "https://github.com/sponsors/juliangarnier"
      }
    },
    "node_modules/reactjs": {
      "version": "1.0.0",
      "resolved": "https://registry.npmjs.org/reactjs/-/reactjs-1.0.0.tgz",
      "integrity": "sha512-qA9hlxvt0NJueuZ+WnFnngajVWCqtGI4/y3mAxN7U5yoiZqaGie/QIvjqI8gUOYU06bh7Qpc872CSxhZiId5Gw=="
    }
  }
}
